<?xml version="1.0" encoding="utf-8"?>
<Project ToolsVersion="4.0" xmlns="http://schemas.microsoft.com/developer/msbuild/2003">
  <ItemGroup>
    <ClCompile Include="src\dllmain.cpp">
      <Filter>Source Files</Filter>
    </ClCompile>
    <ClCompile Include="src\handler.cpp">
      <Filter>Source Files</Filter>
    </ClCompile>
    <ClCompile Include="src\axp.cpp">
      <Filter>Source Files</Filter>
    </ClCompile>
    <ClCompile Include="src\logger.cpp">
      <Filter>Source Files</Filter>
    </ClCompile>
    <ClCompile Include="src\library.cpp">
      <Filter>Source Files</Filter>
    </ClCompile>
    <ClCompile Include="src\package.cpp">
      <Filter>Source Files</Filter>
    </ClCompile>
    <ClCompile Include="src\session.cpp">
      <Filter>Source Files</Filter>
    </ClCompile>
    <ClCompile Include="src\sqf_object.cpp">
      <Filter>Source Files</Filter>
    </ClCompile>
    <ClCompile Include="src\stdafx.cpp">
      <Filter>Source Files</Filter>
    </ClCompile>
  </ItemGroup>
  <ItemGroup>
    <ClInclude Include="axp.h">
      <Filter>Header Files</Filter>
    </ClInclude>
    <ClInclude Include="handler.h">
      <Filter>Header Files</Filter>
    </ClInclude>
    <ClInclude Include="library.h">
      <Filter>Header Files</Filter>
    </ClInclude>
    <ClInclude Include="linkages.h">
      <Filter>Header Files</Filter>
    </ClInclude>
    <ClInclude Include="logger.h">
      <Filter>Header Files</Filter>
    </ClInclude>
    <ClInclude Include="logger_boost.h">
      <Filter>Header Files</Filter>
    </ClInclude>
    <ClInclude Include="package.h">
      <Filter>Header Files</Filter>
    </ClInclude>
    <ClInclude Include="protocol_def.h">
      <Filter>Header Files</Filter>
    </ClInclude>
    <ClInclude Include="session.h">
      <Filter>Header Files</Filter>
    </ClInclude>
    <ClInclude Include="sqf_object.h">
      <Filter>Header Files</Filter>
    </ClInclude>
    <ClInclude Include="stdafx.h">
      <Filter>Header Files</Filter>
    </ClInclude>
    <ClInclude Include="version.h">
      <Filter>Header Files</Filter>
    </ClInclude>
    <ClInclude Include="rsc\resource.h">
      <Filter>Resource Files</Filter>
    </ClInclude>
    <ClInclude Include="shared_ptr.h">
      <Filter>Header Files</Filter>
    </ClInclude>
  </ItemGroup>
  <ItemGroup>
    <Filter Include="Source Files">
      <UniqueIdentifier>{31cc64d2-ba01-4f13-bf1e-696ffc01dcb5}</UniqueIdentifier>
    </Filter>
    <Filter Include="Header Files">
      <UniqueIdentifier>{4ba4638d-4e90-4562-92ae-6988ca2a4f59}</UniqueIdentifier>
    </Filter>
    <Filter Include="Resource Files">
      <UniqueIdentifier>{48c98871-e284-482e-97d3-ab22cca62bd6}</UniqueIdentifier>
    </Filter>
  </ItemGroup>
  <ItemGroup>
    <None Include="rsc\axp.aps">
      <Filter>Resource Files</Filter>
    </None>
  </ItemGroup>
  <ItemGroup>
    <ResourceCompile Include="rsc\axp.rc">
      <Filter>Resource Files</Filter>
    </ResourceCompile>
  </ItemGroup>
</Project>